# This file was autogenerated by Stack.
# You should not edit this file by hand.
# For more information, please see the documentation at:
#   https://docs.haskellstack.org/en/stable/lock_files

packages:
- completed:
    hackage: monad-bayes-0.1.1.0@sha256:57d96f530a37a1c8efed0830c7f2bcf86da05d0d53324aebdd5b5aa165d72829,5132
    pantry-tree:
      size: 2419
      sha256: 39c3c264da0b75b717909693f5ecaf8342761e4da62d6c273ae4fdc5d2011afb
  original:
    hackage: monad-bayes-0.1.1.0@sha256:57d96f530a37a1c8efed0830c7f2bcf86da05d0d53324aebdd5b5aa165d72829,5132
- completed:
    hackage: rhine-0.7.0@sha256:30acf6be74a39e6c24147fcaefc3941ada28f49c015024d4474af713f4695c04,3752
    pantry-tree:
      size: 3314
      sha256: 813092c94fa41337c17e487754e7f82d93c736cadc813ead15a63125136db6c7
  original:
    hackage: rhine-0.7.0@sha256:30acf6be74a39e6c24147fcaefc3941ada28f49c015024d4474af713f4695c04,3752
- completed:
    hackage: hamilton-0.1.0.3@sha256:fc95e1caa612e3f1e22c28878489f9efedada32e87158c709be1463579298921,1726
    pantry-tree:
      size: 376
      sha256: 505c3623ebb24f92f46c88dae9b3a5601a48d3d4a0dd6eda03d94d6f42400251
  original:
    hackage: hamilton-0.1.0.3@sha256:fc95e1caa612e3f1e22c28878489f9efedada32e87158c709be1463579298921,1726
snapshots:
- completed:
    size: 587819
    url: https://raw.githubusercontent.com/commercialhaskell/stackage-snapshots/master/lts/18/23.yaml
    sha256: 7f69bb29a57495586e7e3ed31ecc59c0d2c959cb23bd52b71ca676f254c9beb1
  original: lts-18.23
