# This file was autogenerated by Stack.
# You should not edit this file by hand.
# For more information, please see the documentation at:
#   https://docs.haskellstack.org/en/stable/lock_files

packages:
- completed:
    hackage: monad-bayes-0.1.1.0@sha256:57d96f530a37a1c8efed0830c7f2bcf86da05d0d53324aebdd5b5aa165d72829,5132
    pantry-tree:
      sha256: 39c3c264da0b75b717909693f5ecaf8342761e4da62d6c273ae4fdc5d2011afb
      size: 2419
  original:
    hackage: monad-bayes-0.1.1.0@sha256:57d96f530a37a1c8efed0830c7f2bcf86da05d0d53324aebdd5b5aa165d72829,5132
- completed:
    hackage: rhine-0.8.0.1@sha256:84f8c0bed45b57d3796aa4c7d66f764d7594fac0dc2465c6e6f1993f97295231,3850
    pantry-tree:
      sha256: 66a2b99b4e65e1b7f0a0b8bf1f96692fb5f2fe871c34e16d13e934658577c660
      size: 3246
  original:
    hackage: rhine-0.8.0.1@sha256:84f8c0bed45b57d3796aa4c7d66f764d7594fac0dc2465c6e6f1993f97295231,3850
- completed:
    hackage: rhine-gloss-0.8.0.1@sha256:c3ec549f7fbd53942374c5802658a69afe92486a803ee375fd64ad20f1fd9667,1847
    pantry-tree:
      sha256: 673cd2ca62e955c41978c614e8c9c61e15fb43ecd9d8739926c682e71ce1b6da
      size: 645
  original:
    hackage: rhine-gloss-0.8.0.1@sha256:c3ec549f7fbd53942374c5802658a69afe92486a803ee375fd64ad20f1fd9667,1847
snapshots:
- completed:
    sha256: ad834f0b2150fb2562a1cef791a8482d1deb7ff9c584a4a96c72262184662e11
    size: 596586
    url: https://raw.githubusercontent.com/commercialhaskell/stackage-snapshots/master/nightly/2023/2/3.yaml
  original: nightly-2023-02-03
